
Microsoft Visual Studio Solution File, Format Version 12.00
# Visual Studio Version 16
VisualStudioVersion = 16.0.31205.134
MinimumVisualStudioVersion = 10.0.40219.1
Project("{FAE04EC0-301F-11D3-BF4B-00C04F79EFBC}") = "SQLiteSample", "SQLiteSample\SQLiteSample.csproj", "{5D156151-8BD3-4841-ABCD-111DE75130AD}"
EndProject
Global
	GlobalSection(SolutionConfigurationPlatforms) = preSolution
		Debug|Any CPU = Debug|Any CPU
		Release|Any CPU = Release|Any CPU
	EndGlobalSection
	GlobalSection(ProjectConfigurationPlatforms) = postSolution
		{5D156151-8BD3-4841-ABCD-111DE75130AD}.Debug|Any CPU.ActiveCfg = Debug|Any CPU
		{5D156151-8BD3-4841-ABCD-111DE75130AD}.Debug|Any CPU.Build.0 = Debug|Any CPU
		{5D156151-8BD3-4841-ABCD-111DE75130AD}.Release|Any CPU.ActiveCfg = Release|Any CPU
		{5D156151-8BD3-4841-ABCD-111DE75130AD}.Release|Any CPU.Build.0 = Release|Any CPU
	EndGlobalSection
	GlobalSection(SolutionProperties) = preSolution
		HideSolutionNode = FALSE
	EndGlobalSection
	GlobalSection(ExtensibilityGlobals) = postSolution
		SolutionGuid = {EB62292B-1BC1-4C6B-9BEB-F5062FB3D134}
	EndGlobalSection
EndGlobal
