
Microsoft Visual Studio Solution File, Format Version 12.00
# Visual Studio Version 17
VisualStudioVersion = 17.0.32014.148
MinimumVisualStudioVersion = 10.0.40219.1
Project("{FAE04EC0-301F-11D3-BF4B-00C04F79EFBC}") = "DockerEnvironmentVariables", "DockerEnvironmentVariables\DockerEnvironmentVariables.csproj", "{3BE714C5-C934-4362-B4F1-F33F160C97BC}"
EndProject
Project("{E53339B2-1760-4266-BCC7-CA923CBCF16C}") = "docker-compose", "docker-compose.dcproj", "{9654E6BB-ECA0-4D23-BCFF-DAA672CF7C88}"
EndProject
Global
	GlobalSection(SolutionConfigurationPlatforms) = preSolution
		Debug|Any CPU = Debug|Any CPU
		Release|Any CPU = Release|Any CPU
	EndGlobalSection
	GlobalSection(ProjectConfigurationPlatforms) = postSolution
		{3BE714C5-C934-4362-B4F1-F33F160C97BC}.Debug|Any CPU.ActiveCfg = Debug|Any CPU
		{3BE714C5-C934-4362-B4F1-F33F160C97BC}.Debug|Any CPU.Build.0 = Debug|Any CPU
		{3BE714C5-C934-4362-B4F1-F33F160C97BC}.Release|Any CPU.ActiveCfg = Release|Any CPU
		{3BE714C5-C934-4362-B4F1-F33F160C97BC}.Release|Any CPU.Build.0 = Release|Any CPU
		{9654E6BB-ECA0-4D23-BCFF-DAA672CF7C88}.Debug|Any CPU.ActiveCfg = Debug|Any CPU
		{9654E6BB-ECA0-4D23-BCFF-DAA672CF7C88}.Debug|Any CPU.Build.0 = Debug|Any CPU
		{9654E6BB-ECA0-4D23-BCFF-DAA672CF7C88}.Release|Any CPU.ActiveCfg = Release|Any CPU
		{9654E6BB-ECA0-4D23-BCFF-DAA672CF7C88}.Release|Any CPU.Build.0 = Release|Any CPU
	EndGlobalSection
	GlobalSection(SolutionProperties) = preSolution
		HideSolutionNode = FALSE
	EndGlobalSection
	GlobalSection(ExtensibilityGlobals) = postSolution
		SolutionGuid = {97153CAE-3A45-460A-9470-102A6067CC92}
	EndGlobalSection
EndGlobal
